{
  "version": 2,
  "dependencies": {
    "net10.0": {
      "Be.Vlaanderen.Basisregisters.Grb.Building.Api.Abstractions": {
        "type": "Direct",
        "requested": "[4.1.1, )",
        "resolved": "4.1.1",
        "contentHash": "HxwnWIglv0Mx8HSaeThwQSWaR7l2LF/p9DYu70AcLKdPGlZqlui0T0BEWF6Qgdo/YA187PXL1vrVwUliulRt8w==",
        "dependencies": {
          "MediatR.Contracts": "2.0.1"
        }
      },
      "Be.Vlaanderen.Basisregisters.TicketingService.Abstractions": {
        "type": "Direct",
        "requested": "[4.0.0, )",
        "resolved": "4.0.0",
        "contentHash": "gmM0W/EgOSYFl7ps6l4SDs9inIvbaYdP4SCPOsqYabFP24OAcvdjZwp4eWh90fwPfQlGRN8MCL+Fej12StECnA=="
      },
      "Be.Vlaanderen.Basisregisters.TicketingService.Proxy.HttpProxy": {
        "type": "Direct",
        "requested": "[4.0.0, )",
        "resolved": "4.0.0",
        "contentHash": "db8wzpaafaXRDhvW9qIbi7taMy4vFJvy3pTtt3yZzKIQIQFfFwxZb6tOkbz+Nsk2cbI6XvCSSTaIEHsiKjtqLw==",
        "dependencies": {
          "Be.Vlaanderen.Basisregisters.TicketingService.Abstractions": "4.0.0"
        }
      },
      "Duende.IdentityModel": {
        "type": "Direct",
        "requested": "[8.1.0, )",
        "resolved": "8.1.0",
        "contentHash": "ncmC2ISg0efTqY74xI6gaLKlv4mErT5ruYK262dkSnAv07g9qYC2++q7AWWs1FyP2c0YZ6LvUtcoJmxZqYyVrA=="
      },
      "Flurl": {
        "type": "Direct",
        "requested": "[4.0.0, )",
        "resolved": "4.0.0",
        "contentHash": "rpts69yYgvJqg6PPgqShBQEZ4aNzWQqWpWppcT0oDWxDCIsBqiod4pj6LQZdhk+1OozLFagemldMRACdHF3CsA=="
      },
      "Microsoft.AspNetCore.App.Internal.Assets": {
        "type": "Direct",
        "requested": "[10.0.8, )",
        "resolved": "10.0.8",
        "contentHash": "v6KocthydFtUHBIRI29YsOHKOgsqcQubkNywVOxiYr4GSDSv+XO/AeyMJywlX+1tGUTGdydu/X7V+Tzeq4SsoA=="
      },
      "SourceLink.Copy.PdbFiles": {
        "type": "Direct",
        "requested": "[2.8.3, )",
        "resolved": "2.8.3",
        "contentHash": "cxlw1QHd/J7lOtSZ45VZMOsF/YSOlwZy0fCkauo9Ib9vOv+zGzjm9q3D8qGyMII0Zz1GSmli/oxhmUNuYUpc1g=="
      },
      "SourceLink.Embed.AllSourceFiles": {
        "type": "Direct",
        "requested": "[2.8.3, )",
        "resolved": "2.8.3",
        "contentHash": "Hv77AfKNDqSUH6MSGW1ZwKWFJ/CNKOe4FD6lpJGNYdSSQeEEsE2KyPlG1IgzA8+CJG8lDQV2vLS4OljHtHohsw=="
      },
      "MediatR.Contracts": {
        "type": "Transitive",
        "resolved": "2.0.1",
        "contentHash": "FYv95bNT4UwcNA+G/J1oX5OpRiSUxteXaUt2BJbRSdRNiIUNbggJF69wy6mnk2wYToaanpdXZdCwVylt96MpwQ=="
      }
    },
    "net10.0/linux-arm64": {},
    "net10.0/linux-x64": {},
    "net10.0/win-x64": {}
  }
}